{
    "name": "loopback-cache-machine",
    "version": "0.0.1",
    "lockfileVersion": 1,
    "dependencies": {
        "pluralize": {
            "version": "5.0.0",
            "resolved": "https://registry.npmjs.org/pluralize/-/pluralize-5.0.0.tgz",
            "integrity": "sha1-6LkHOvmgywLkwu+pW1W+u9vwEpk="
        }
    }
}
